
Microsoft Visual Studio Solution File, Format Version 12.00
# Visual Studio Version 17
VisualStudioVersion = 17.10.34928.147
MinimumVisualStudioVersion = 10.0.40219.1
Project("{FAE04EC0-301F-11D3-BF4B-00C04F79EFBC}") = "IT-Institution", "IT-Institution\IT-Institution.csproj", "{4FE04664-9DC8-4BE3-B7B2-4647F4EF6F4C}"
EndProject
Global
	GlobalSection(SolutionConfigurationPlatforms) = preSolution
		Debug|Any CPU = Debug|Any CPU
		Release|Any CPU = Release|Any CPU
	EndGlobalSection
	GlobalSection(ProjectConfigurationPlatforms) = postSolution
		{4FE04664-9DC8-4BE3-B7B2-4647F4EF6F4C}.Debug|Any CPU.ActiveCfg = Debug|Any CPU
		{4FE04664-9DC8-4BE3-B7B2-4647F4EF6F4C}.Debug|Any CPU.Build.0 = Debug|Any CPU
		{4FE04664-9DC8-4BE3-B7B2-4647F4EF6F4C}.Release|Any CPU.ActiveCfg = Release|Any CPU
		{4FE04664-9DC8-4BE3-B7B2-4647F4EF6F4C}.Release|Any CPU.Build.0 = Release|Any CPU
	EndGlobalSection
	GlobalSection(SolutionProperties) = preSolution
		HideSolutionNode = FALSE
	EndGlobalSection
	GlobalSection(ExtensibilityGlobals) = postSolution
		SolutionGuid = {E8C7DCFB-DA0C-4A6B-A943-8BC1290910BB}
	EndGlobalSection
EndGlobal
